
Microsoft Visual Studio Solution File, Format Version 12.00
# Visual Studio Version 17
VisualStudioVersion = 17.7.34031.279
MinimumVisualStudioVersion = 10.0.40219.1
Project("{FAE04EC0-301F-11D3-BF4B-00C04F79EFBC}") = "Assignment2", "Assignment2\Assignment2.csproj", "{7F08332D-CB53-4AFA-AAFF-D3F15C2EF3B3}"
EndProject
Project("{FAE04EC0-301F-11D3-BF4B-00C04F79EFBC}") = "BankSimulation", "BankSimulation\BankSimulation.csproj", "{8D99BD68-C04C-4517-A2F4-C8BB480F083B}"
EndProject
Global
	GlobalSection(SolutionConfigurationPlatforms) = preSolution
		Debug|Any CPU = Debug|Any CPU
		Release|Any CPU = Release|Any CPU
	EndGlobalSection
	GlobalSection(ProjectConfigurationPlatforms) = postSolution
		{7F08332D-CB53-4AFA-AAFF-D3F15C2EF3B3}.Debug|Any CPU.ActiveCfg = Debug|Any CPU
		{7F08332D-CB53-4AFA-AAFF-D3F15C2EF3B3}.Debug|Any CPU.Build.0 = Debug|Any CPU
		{7F08332D-CB53-4AFA-AAFF-D3F15C2EF3B3}.Release|Any CPU.ActiveCfg = Release|Any CPU
		{7F08332D-CB53-4AFA-AAFF-D3F15C2EF3B3}.Release|Any CPU.Build.0 = Release|Any CPU
		{8D99BD68-C04C-4517-A2F4-C8BB480F083B}.Debug|Any CPU.ActiveCfg = Debug|Any CPU
		{8D99BD68-C04C-4517-A2F4-C8BB480F083B}.Debug|Any CPU.Build.0 = Debug|Any CPU
		{8D99BD68-C04C-4517-A2F4-C8BB480F083B}.Release|Any CPU.ActiveCfg = Release|Any CPU
		{8D99BD68-C04C-4517-A2F4-C8BB480F083B}.Release|Any CPU.Build.0 = Release|Any CPU
	EndGlobalSection
	GlobalSection(SolutionProperties) = preSolution
		HideSolutionNode = FALSE
	EndGlobalSection
	GlobalSection(ExtensibilityGlobals) = postSolution
		SolutionGuid = {2B84B06E-63EB-4ED4-98EF-B2843D3639F1}
	EndGlobalSection
EndGlobal
